
Microsoft Visual Studio Solution File, Format Version 12.00
# Visual Studio Version 17
VisualStudioVersion = 17.8.34330.188
MinimumVisualStudioVersion = 10.0.40219.1
Project("{2150E333-8FDC-42A3-9474-1A3956D46DE8}") = "Src", "Src", "{1A251E17-658C-4D29-A355-8F309B541EF1}"
EndProject
Project("{2150E333-8FDC-42A3-9474-1A3956D46DE8}") = "Core", "Core", "{AAEA9566-3D12-4D76-9AEE-73C2731460CB}"
EndProject
Project("{2150E333-8FDC-42A3-9474-1A3956D46DE8}") = "Infrastructure", "Infrastructure", "{08963479-9B05-430B-A839-A0155FE0AB06}"
EndProject
Project("{2150E333-8FDC-42A3-9474-1A3956D46DE8}") = "Presentation", "Presentation", "{D9B97ADB-B3A7-4AE5-9CCF-FC06830F8F4C}"
EndProject
Project("{FAE04EC0-301F-11D3-BF4B-00C04F79EFBC}") = "REMOTEMIND-EASY.Core.Domain", "REMOTEMIND-EASY.Core.Domain\REMOTEMIND-EASY.Core.Domain.csproj", "{DDA0AE14-37EF-4A88-9F00-A4292C9096F4}"
EndProject
Project("{FAE04EC0-301F-11D3-BF4B-00C04F79EFBC}") = "REMOTEMIN-EASY.Presentation.WebApi", "REMOTEMIN-EASY.Presentation.WebApi\REMOTEMIN-EASY.Presentation.WebApi.csproj", "{DBF5DB79-53FA-402B-B69D-892CF33E9D94}"
EndProject
Project("{FAE04EC0-301F-11D3-BF4B-00C04F79EFBC}") = "REMOTEMIND-EASY.Infrastructure.Persistence", "REMOTEMIND-EASY.Infrastructure.Persistence\REMOTEMIND-EASY.Infrastructure.Persistence.csproj", "{0F0A5940-D12E-4227-B1F4-9EA54FE403E8}"
EndProject
Project("{FAE04EC0-301F-11D3-BF4B-00C04F79EFBC}") = "REMOTEMIND-EASY.Infrastructure.Shared", "REMOTEMIND-EASY.Infrastructure.Shared\REMOTEMIND-EASY.Infrastructure.Shared.csproj", "{8E3D3C42-13F3-443F-BE7A-DCC9255F6880}"
EndProject
Project("{FAE04EC0-301F-11D3-BF4B-00C04F79EFBC}") = "REMOTEMIND-EASY.Infrastructure.Identity", "REMOTEMIND-EASY.Infrastructure.Identity\REMOTEMIND-EASY.Infrastructure.Identity.csproj", "{F2D47F85-E114-4FC3-BDEE-B12BE39C4557}"
EndProject
Project("{FAE04EC0-301F-11D3-BF4B-00C04F79EFBC}") = "REMOTEMIND-EASY.Core.Application", "REMOTEMIND-EASY.Core.Application\REMOTEMIND-EASY.Core.Application.csproj", "{EC6789E6-910C-4082-BB33-A9886B1D2873}"
EndProject
Global
	GlobalSection(SolutionConfigurationPlatforms) = preSolution
		Debug|Any CPU = Debug|Any CPU
		Release|Any CPU = Release|Any CPU
	EndGlobalSection
	GlobalSection(ProjectConfigurationPlatforms) = postSolution
		{DDA0AE14-37EF-4A88-9F00-A4292C9096F4}.Debug|Any CPU.ActiveCfg = Debug|Any CPU
		{DDA0AE14-37EF-4A88-9F00-A4292C9096F4}.Debug|Any CPU.Build.0 = Debug|Any CPU
		{DDA0AE14-37EF-4A88-9F00-A4292C9096F4}.Release|Any CPU.ActiveCfg = Release|Any CPU
		{DDA0AE14-37EF-4A88-9F00-A4292C9096F4}.Release|Any CPU.Build.0 = Release|Any CPU
		{DBF5DB79-53FA-402B-B69D-892CF33E9D94}.Debug|Any CPU.ActiveCfg = Debug|Any CPU
		{DBF5DB79-53FA-402B-B69D-892CF33E9D94}.Debug|Any CPU.Build.0 = Debug|Any CPU
		{DBF5DB79-53FA-402B-B69D-892CF33E9D94}.Release|Any CPU.ActiveCfg = Release|Any CPU
		{DBF5DB79-53FA-402B-B69D-892CF33E9D94}.Release|Any CPU.Build.0 = Release|Any CPU
		{0F0A5940-D12E-4227-B1F4-9EA54FE403E8}.Debug|Any CPU.ActiveCfg = Debug|Any CPU
		{0F0A5940-D12E-4227-B1F4-9EA54FE403E8}.Debug|Any CPU.Build.0 = Debug|Any CPU
		{0F0A5940-D12E-4227-B1F4-9EA54FE403E8}.Release|Any CPU.ActiveCfg = Release|Any CPU
		{0F0A5940-D12E-4227-B1F4-9EA54FE403E8}.Release|Any CPU.Build.0 = Release|Any CPU
		{8E3D3C42-13F3-443F-BE7A-DCC9255F6880}.Debug|Any CPU.ActiveCfg = Debug|Any CPU
		{8E3D3C42-13F3-443F-BE7A-DCC9255F6880}.Debug|Any CPU.Build.0 = Debug|Any CPU
		{8E3D3C42-13F3-443F-BE7A-DCC9255F6880}.Release|Any CPU.ActiveCfg = Release|Any CPU
		{8E3D3C42-13F3-443F-BE7A-DCC9255F6880}.Release|Any CPU.Build.0 = Release|Any CPU
		{F2D47F85-E114-4FC3-BDEE-B12BE39C4557}.Debug|Any CPU.ActiveCfg = Debug|Any CPU
		{F2D47F85-E114-4FC3-BDEE-B12BE39C4557}.Debug|Any CPU.Build.0 = Debug|Any CPU
		{F2D47F85-E114-4FC3-BDEE-B12BE39C4557}.Release|Any CPU.ActiveCfg = Release|Any CPU
		{F2D47F85-E114-4FC3-BDEE-B12BE39C4557}.Release|Any CPU.Build.0 = Release|Any CPU
		{EC6789E6-910C-4082-BB33-A9886B1D2873}.Debug|Any CPU.ActiveCfg = Debug|Any CPU
		{EC6789E6-910C-4082-BB33-A9886B1D2873}.Debug|Any CPU.Build.0 = Debug|Any CPU
		{EC6789E6-910C-4082-BB33-A9886B1D2873}.Release|Any CPU.ActiveCfg = Release|Any CPU
		{EC6789E6-910C-4082-BB33-A9886B1D2873}.Release|Any CPU.Build.0 = Release|Any CPU
	EndGlobalSection
	GlobalSection(SolutionProperties) = preSolution
		HideSolutionNode = FALSE
	EndGlobalSection
	GlobalSection(NestedProjects) = preSolution
		{AAEA9566-3D12-4D76-9AEE-73C2731460CB} = {1A251E17-658C-4D29-A355-8F309B541EF1}
		{08963479-9B05-430B-A839-A0155FE0AB06} = {1A251E17-658C-4D29-A355-8F309B541EF1}
		{D9B97ADB-B3A7-4AE5-9CCF-FC06830F8F4C} = {1A251E17-658C-4D29-A355-8F309B541EF1}
		{DDA0AE14-37EF-4A88-9F00-A4292C9096F4} = {AAEA9566-3D12-4D76-9AEE-73C2731460CB}
		{DBF5DB79-53FA-402B-B69D-892CF33E9D94} = {D9B97ADB-B3A7-4AE5-9CCF-FC06830F8F4C}
		{0F0A5940-D12E-4227-B1F4-9EA54FE403E8} = {08963479-9B05-430B-A839-A0155FE0AB06}
		{8E3D3C42-13F3-443F-BE7A-DCC9255F6880} = {08963479-9B05-430B-A839-A0155FE0AB06}
		{F2D47F85-E114-4FC3-BDEE-B12BE39C4557} = {08963479-9B05-430B-A839-A0155FE0AB06}
		{EC6789E6-910C-4082-BB33-A9886B1D2873} = {AAEA9566-3D12-4D76-9AEE-73C2731460CB}
	EndGlobalSection
	GlobalSection(ExtensibilityGlobals) = postSolution
		SolutionGuid = {A86E740A-0D8D-4428-B2A6-EDFEA724F445}
	EndGlobalSection
EndGlobal
